
Microsoft Visual Studio Solution File, Format Version 12.00
# Visual Studio 14
VisualStudioVersion = 14.0.22823.1
MinimumVisualStudioVersion = 10.0.40219.1
Project("{FAE04EC0-301F-11D3-BF4B-00C04F79EFBC}") = "LibTest", "LibTest\LibTest.csproj", "{2AA2F045-5FF5-4747-B4EC-A9D009602D86}"
EndProject
Project("{FAE04EC0-301F-11D3-BF4B-00C04F79EFBC}") = "VecLib", "..\..\SharedLibs\VecLib\VecLib\VecLib.csproj", "{8075B895-100D-4E56-AE25-E6F0C90E5A74}"
EndProject
Global
	GlobalSection(SolutionConfigurationPlatforms) = preSolution
		Debug|Any CPU = Debug|Any CPU
		Release|Any CPU = Release|Any CPU
	EndGlobalSection
	GlobalSection(ProjectConfigurationPlatforms) = postSolution
		{2AA2F045-5FF5-4747-B4EC-A9D009602D86}.Debug|Any CPU.ActiveCfg = Debug|Any CPU
		{2AA2F045-5FF5-4747-B4EC-A9D009602D86}.Debug|Any CPU.Build.0 = Debug|Any CPU
		{2AA2F045-5FF5-4747-B4EC-A9D009602D86}.Release|Any CPU.ActiveCfg = Release|Any CPU
		{2AA2F045-5FF5-4747-B4EC-A9D009602D86}.Release|Any CPU.Build.0 = Release|Any CPU
		{8075B895-100D-4E56-AE25-E6F0C90E5A74}.Debug|Any CPU.ActiveCfg = Debug|Any CPU
		{8075B895-100D-4E56-AE25-E6F0C90E5A74}.Debug|Any CPU.Build.0 = Debug|Any CPU
		{8075B895-100D-4E56-AE25-E6F0C90E5A74}.Release|Any CPU.ActiveCfg = Release|Any CPU
		{8075B895-100D-4E56-AE25-E6F0C90E5A74}.Release|Any CPU.Build.0 = Release|Any CPU
	EndGlobalSection
	GlobalSection(SolutionProperties) = preSolution
		HideSolutionNode = FALSE
	EndGlobalSection
EndGlobal
